
Microsoft Visual Studio Solution File, Format Version 12.00
# Visual Studio Version 17
VisualStudioVersion = 17.5.002.0
MinimumVisualStudioVersion = 10.0.40219.1
Project("{9A19103F-16F7-4668-BE54-9A1E7A4F7556}") = "BoticaOnlineAPI", "BoticaOnlineAPI\BoticaOnlineAPI.csproj", "{EA2C7124-ED10-45D6-BAB1-DCA18B0A33A2}"
EndProject
Global
	GlobalSection(SolutionConfigurationPlatforms) = preSolution
		Debug|Any CPU = Debug|Any CPU
		Release|Any CPU = Release|Any CPU
	EndGlobalSection
	GlobalSection(ProjectConfigurationPlatforms) = postSolution
		{EA2C7124-ED10-45D6-BAB1-DCA18B0A33A2}.Debug|Any CPU.ActiveCfg = Debug|Any CPU
		{EA2C7124-ED10-45D6-BAB1-DCA18B0A33A2}.Debug|Any CPU.Build.0 = Debug|Any CPU
		{EA2C7124-ED10-45D6-BAB1-DCA18B0A33A2}.Release|Any CPU.ActiveCfg = Release|Any CPU
		{EA2C7124-ED10-45D6-BAB1-DCA18B0A33A2}.Release|Any CPU.Build.0 = Release|Any CPU
	EndGlobalSection
	GlobalSection(SolutionProperties) = preSolution
		HideSolutionNode = FALSE
	EndGlobalSection
	GlobalSection(ExtensibilityGlobals) = postSolution
		SolutionGuid = {9967CD9F-4000-4827-9015-485A0139ADEE}
	EndGlobalSection
EndGlobal
